
Microsoft Visual Studio Solution File, Format Version 12.00
# Visual Studio Version 17
VisualStudioVersion = 17.5.002.0
MinimumVisualStudioVersion = 10.0.40219.1
Project("{9A19103F-16F7-4668-BE54-9A1E7A4F7556}") = "Backend", "Backend.csproj", "{BCCEC449-E6AF-4A81-87F2-4C365D9F16D6}"
EndProject
Global
	GlobalSection(SolutionConfigurationPlatforms) = preSolution
		Debug|Any CPU = Debug|Any CPU
		Release|Any CPU = Release|Any CPU
	EndGlobalSection
	GlobalSection(ProjectConfigurationPlatforms) = postSolution
		{BCCEC449-E6AF-4A81-87F2-4C365D9F16D6}.Debug|Any CPU.ActiveCfg = Debug|Any CPU
		{BCCEC449-E6AF-4A81-87F2-4C365D9F16D6}.Debug|Any CPU.Build.0 = Debug|Any CPU
		{BCCEC449-E6AF-4A81-87F2-4C365D9F16D6}.Release|Any CPU.ActiveCfg = Release|Any CPU
		{BCCEC449-E6AF-4A81-87F2-4C365D9F16D6}.Release|Any CPU.Build.0 = Release|Any CPU
	EndGlobalSection
	GlobalSection(SolutionProperties) = preSolution
		HideSolutionNode = FALSE
	EndGlobalSection
	GlobalSection(ExtensibilityGlobals) = postSolution
		SolutionGuid = {A6EC1610-ED96-448F-9185-DC282F6EBA5A}
	EndGlobalSection
EndGlobal
